
Microsoft Visual Studio Solution File, Format Version 12.00
# Visual Studio 15
Project("{FAE04EC0-301F-11D3-BF4B-00C04F79EFBC}") = "VirtueApi", "VirtueApi.csproj", "{75E5F1F8-EDE5-4CA1-85C5-561CE2972438}"
EndProject
Global
	GlobalSection(SolutionConfigurationPlatforms) = preSolution
		Debug|Any CPU = Debug|Any CPU
		Release|Any CPU = Release|Any CPU
	EndGlobalSection
	GlobalSection(ProjectConfigurationPlatforms) = postSolution
		{75E5F1F8-EDE5-4CA1-85C5-561CE2972438}.Debug|Any CPU.ActiveCfg = Debug|Any CPU
		{75E5F1F8-EDE5-4CA1-85C5-561CE2972438}.Debug|Any CPU.Build.0 = Debug|Any CPU
		{75E5F1F8-EDE5-4CA1-85C5-561CE2972438}.Release|Any CPU.ActiveCfg = Release|Any CPU
		{75E5F1F8-EDE5-4CA1-85C5-561CE2972438}.Release|Any CPU.Build.0 = Release|Any CPU
	EndGlobalSection
EndGlobal
